
Microsoft Visual Studio Solution File, Format Version 12.00
# Visual Studio Version 16
VisualStudioVersion = 16.0.29709.97
MinimumVisualStudioVersion = 10.0.40219.1
Project("{FAE04EC0-301F-11D3-BF4B-00C04F79EFBC}") = "CoinFlipper", "CoinFlipper\CoinFlipper.csproj", "{3A2BBD37-7381-4B18-BC22-4C56DA5BB76C}"
EndProject
Global
	GlobalSection(SolutionConfigurationPlatforms) = preSolution
		Debug|Any CPU = Debug|Any CPU
		Release|Any CPU = Release|Any CPU
	EndGlobalSection
	GlobalSection(ProjectConfigurationPlatforms) = postSolution
		{3A2BBD37-7381-4B18-BC22-4C56DA5BB76C}.Debug|Any CPU.ActiveCfg = Debug|Any CPU
		{3A2BBD37-7381-4B18-BC22-4C56DA5BB76C}.Debug|Any CPU.Build.0 = Debug|Any CPU
		{3A2BBD37-7381-4B18-BC22-4C56DA5BB76C}.Release|Any CPU.ActiveCfg = Release|Any CPU
		{3A2BBD37-7381-4B18-BC22-4C56DA5BB76C}.Release|Any CPU.Build.0 = Release|Any CPU
	EndGlobalSection
	GlobalSection(SolutionProperties) = preSolution
		HideSolutionNode = FALSE
	EndGlobalSection
	GlobalSection(ExtensibilityGlobals) = postSolution
		SolutionGuid = {5602DDE8-C148-431B-8788-86DAA02E1DF5}
	EndGlobalSection
EndGlobal
